// !$*UTF8*$!
{
	archiveVersion = 1;
	classes = {
	};
	objectVersion = 51;
	objects = {

/* Begin PBXBuildFile section */
		79BAC01490500B796460D60F /* Pods_TapQRCodeExample_iOS.framework in Frameworks */ = {isa = PBXBuildFile; fileRef = FD3592FAE2619D3AD3AEB296 /* Pods_TapQRCodeExample_iOS.framework */; };
		7A6AB79801696629EC472B13 /* Pods_TapQRCode_iOS.framework in Frameworks */ = {isa = PBXBuildFile; fileRef = C70417C664D6A1B72D97C11A /* Pods_TapQRCode_iOS.framework */; };
		E81A7D4B241E3DA900836547 /* TapQRCode_iOS.h in Headers */ = {isa = PBXBuildFile; fileRef = E81A7D49241E3DA900836547 /* TapQRCode_iOS.h */; settings = {ATTRIBUTES = (Public, ); }; };
		E81A7D8D241E433200836547 /* AppDelegate.swift in Sources */ = {isa = PBXBuildFile; fileRef = E81A7D8C241E433200836547 /* AppDelegate.swift */; };
		E81A7D8F241E433200836547 /* SceneDelegate.swift in Sources */ = {isa = PBXBuildFile; fileRef = E81A7D8E241E433200836547 /* SceneDelegate.swift */; };
		E81A7D91241E433200836547 /* ViewController.swift in Sources */ = {isa = PBXBuildFile; fileRef = E81A7D90241E433200836547 /* ViewController.swift */; };
		E81A7D94241E433200836547 /* Main.storyboard in Resources */ = {isa = PBXBuildFile; fileRef = E81A7D92241E433200836547 /* Main.storyboard */; };
		E81A7D96241E433200836547 /* Assets.xcassets in Resources */ = {isa = PBXBuildFile; fileRef = E81A7D95241E433200836547 /* Assets.xcassets */; };
		E81A7D99241E433200836547 /* LaunchScreen.storyboard in Resources */ = {isa = PBXBuildFile; fileRef = E81A7D97241E433200836547 /* LaunchScreen.storyboard */; };
		E81A7DAA241E6FFA00836547 /* TapQRCodeGenerator.swift in Sources */ = {isa = PBXBuildFile; fileRef = E81A7DA9241E6FFA00836547 /* TapQRCodeGenerator.swift */; };
		E81A7DB3241E706400836547 /* AppDelegate.m in Sources */ = {isa = PBXBuildFile; fileRef = E81A7DB2241E706400836547 /* AppDelegate.m */; };
		E81A7DB6241E706400836547 /* SceneDelegate.m in Sources */ = {isa = PBXBuildFile; fileRef = E81A7DB5241E706400836547 /* SceneDelegate.m */; };
		E81A7DB9241E706400836547 /* ViewController.m in Sources */ = {isa = PBXBuildFile; fileRef = E81A7DB8241E706400836547 /* ViewController.m */; };
		E81A7DBC241E706400836547 /* Main.storyboard in Resources */ = {isa = PBXBuildFile; fileRef = E81A7DBA241E706400836547 /* Main.storyboard */; };
		E81A7DBE241E706500836547 /* Assets.xcassets in Resources */ = {isa = PBXBuildFile; fileRef = E81A7DBD241E706500836547 /* Assets.xcassets */; };
		E81A7DC1241E706500836547 /* LaunchScreen.storyboard in Resources */ = {isa = PBXBuildFile; fileRef = E81A7DBF241E706500836547 /* LaunchScreen.storyboard */; };
		E81A7DC4241E706500836547 /* main.m in Sources */ = {isa = PBXBuildFile; fileRef = E81A7DC3241E706500836547 /* main.m */; };
		E81A7DC9241E727D00836547 /* TapQRCodeType.swift in Sources */ = {isa = PBXBuildFile; fileRef = E81A7DC8241E727D00836547 /* TapQRCodeType.swift */; };
		E81A7DCB241E732400836547 /* TapQrCodeContent.swift in Sources */ = {isa = PBXBuildFile; fileRef = E81A7DCA241E732400836547 /* TapQrCodeContent.swift */; };
		E81A7DD3241E870900836547 /* QrCodeValue.swift in Sources */ = {isa = PBXBuildFile; fileRef = E81A7DD2241E870900836547 /* QrCodeValue.swift */; };
		E81A7DD6241E897C00836547 /* TapEmvcoPushData.swift in Sources */ = {isa = PBXBuildFile; fileRef = E81A7DD5241E897C00836547 /* TapEmvcoPushData.swift */; };
		E81A7DD8241E8EFA00836547 /* TapEmvcoNetworkTags.swift in Sources */ = {isa = PBXBuildFile; fileRef = E81A7DD7241E8EFA00836547 /* TapEmvcoNetworkTags.swift */; };
		E81A7DDA241E8FAA00836547 /* TapEmvcoPaymentNetwork.swift in Sources */ = {isa = PBXBuildFile; fileRef = E81A7DD9241E8FAA00836547 /* TapEmvcoPaymentNetwork.swift */; };
		E81A7DDC241F416E00836547 /* TapEmvcoOfInitiation.swift in Sources */ = {isa = PBXBuildFile; fileRef = E81A7DDB241F416E00836547 /* TapEmvcoOfInitiation.swift */; };
		E81A7DDE241F4D3C00836547 /* TapEmvcoCurrencyCode.swift in Sources */ = {isa = PBXBuildFile; fileRef = E81A7DDD241F4D3C00836547 /* TapEmvcoCurrencyCode.swift */; };
		E81A7DE0241F532000836547 /* TapEmvcoExtraFees.swift in Sources */ = {isa = PBXBuildFile; fileRef = E81A7DDF241F532000836547 /* TapEmvcoExtraFees.swift */; };
		E81A7DE2241F565400836547 /* TapEmvcoCountryCode.swift in Sources */ = {isa = PBXBuildFile; fileRef = E81A7DE1241F565400836547 /* TapEmvcoCountryCode.swift */; };
		E81A7DE4241F5E0900836547 /* TapEmvcoAdditionalData.swift in Sources */ = {isa = PBXBuildFile; fileRef = E81A7DE3241F5E0900836547 /* TapEmvcoAdditionalData.swift */; };
		E81A7DE6241F632900836547 /* TapEmvcoAdditionalDataCollection.swift in Sources */ = {isa = PBXBuildFile; fileRef = E81A7DE5241F632900836547 /* TapEmvcoAdditionalDataCollection.swift */; };
		E81A7DE8241F80EA00836547 /* QRGeneratorSettingsViewController.swift in Sources */ = {isa = PBXBuildFile; fileRef = E81A7DE7241F80EA00836547 /* QRGeneratorSettingsViewController.swift */; };
		E81A7DEA241FAAB800836547 /* QRImageViewController.swift in Sources */ = {isa = PBXBuildFile; fileRef = E81A7DE9241FAAB800836547 /* QRImageViewController.swift */; };
		E81A7DF02420BFEB00836547 /* EmvcoJson.json in Resources */ = {isa = PBXBuildFile; fileRef = E81A7DEF2420BFEB00836547 /* EmvcoJson.json */; };
		E81A7DFF2421307700836547 /* GoogleService-Info.plist in Resources */ = {isa = PBXBuildFile; fileRef = E81A7DFE2421307700836547 /* GoogleService-Info.plist */; };
		E81A7E0F242144FA00836547 /* TapQRCode_iOS.framework in Frameworks */ = {isa = PBXBuildFile; fileRef = E81A7D46241E3DA900836547 /* TapQRCode_iOS.framework */; };
		E81A7E10242144FA00836547 /* TapQRCode_iOS.framework in Embed Frameworks */ = {isa = PBXBuildFile; fileRef = E81A7D46241E3DA900836547 /* TapQRCode_iOS.framework */; settings = {ATTRIBUTES = (RemoveHeadersOnCopy, ); }; };
		E82E50FC2421F6E2007E9905 /* TapQRCodeScanner.swift in Sources */ = {isa = PBXBuildFile; fileRef = E82E50FB2421F6E2007E9905 /* TapQRCodeScanner.swift */; };
		E82E5100242213EF007E9905 /* TapScannerViewController.swift in Sources */ = {isa = PBXBuildFile; fileRef = E82E50FF242213EF007E9905 /* TapScannerViewController.swift */; };
		E82E51042422469A007E9905 /* TapQRCodeScannerResult.swift in Sources */ = {isa = PBXBuildFile; fileRef = E82E51032422469A007E9905 /* TapQRCodeScannerResult.swift */; };
/* End PBXBuildFile section */

/* Begin PBXContainerItemProxy section */
		E81A7DF624211EAC00836547 /* PBXContainerItemProxy */ = {
			isa = PBXContainerItemProxy;
			containerPortal = E81A7D3D241E3DA900836547 /* Project object */;
			proxyType = 1;
			remoteGlobalIDString = E81A7D45241E3DA900836547;
			remoteInfo = "TapQRCode-iOS";
		};
/* End PBXContainerItemProxy section */

/* Begin PBXCopyFilesBuildPhase section */
		E81A7E0424213A3600836547 /* Embed Frameworks */ = {
			isa = PBXCopyFilesBuildPhase;
			buildActionMask = 2147483647;
			dstPath = "";
			dstSubfolderSpec = 10;
			files = (
			);
			name = "Embed Frameworks";
			runOnlyForDeploymentPostprocessing = 0;
		};
		E81A7E0D2421447B00836547 /* Embed Frameworks */ = {
			isa = PBXCopyFilesBuildPhase;
			buildActionMask = 2147483647;
			dstPath = "";
			dstSubfolderSpec = 10;
			files = (
				E81A7E10242144FA00836547 /* TapQRCode_iOS.framework in Embed Frameworks */,
			);
			name = "Embed Frameworks";
			runOnlyForDeploymentPostprocessing = 0;
		};
/* End PBXCopyFilesBuildPhase section */

/* Begin PBXFileReference section */
		38C47572AE4D23338B31ECE6 /* Pods-TapQRCode-iOS.release.xcconfig */ = {isa = PBXFileReference; includeInIndex = 1; lastKnownFileType = text.xcconfig; name = "Pods-TapQRCode-iOS.release.xcconfig"; path = "Target Support Files/Pods-TapQRCode-iOS/Pods-TapQRCode-iOS.release.xcconfig"; sourceTree = "<group>"; };
		C70417C664D6A1B72D97C11A /* Pods_TapQRCode_iOS.framework */ = {isa = PBXFileReference; explicitFileType = wrapper.framework; includeInIndex = 0; path = Pods_TapQRCode_iOS.framework; sourceTree = BUILT_PRODUCTS_DIR; };
		C7E8866CDE058D89627C90EB /* Pods-TapQRCode-iOS.debug.xcconfig */ = {isa = PBXFileReference; includeInIndex = 1; lastKnownFileType = text.xcconfig; name = "Pods-TapQRCode-iOS.debug.xcconfig"; path = "Target Support Files/Pods-TapQRCode-iOS/Pods-TapQRCode-iOS.debug.xcconfig"; sourceTree = "<group>"; };
		E81A7D46241E3DA900836547 /* TapQRCode_iOS.framework */ = {isa = PBXFileReference; explicitFileType = wrapper.framework; includeInIndex = 0; path = TapQRCode_iOS.framework; sourceTree = BUILT_PRODUCTS_DIR; };
		E81A7D49241E3DA900836547 /* TapQRCode_iOS.h */ = {isa = PBXFileReference; lastKnownFileType = sourcecode.c.h; path = TapQRCode_iOS.h; sourceTree = "<group>"; };
		E81A7D4A241E3DA900836547 /* Info.plist */ = {isa = PBXFileReference; lastKnownFileType = text.plist.xml; path = Info.plist; sourceTree = "<group>"; };
		E81A7D8A241E433200836547 /* TapQRCodeExample-iOS.app */ = {isa = PBXFileReference; explicitFileType = wrapper.application; includeInIndex = 0; path = "TapQRCodeExample-iOS.app"; sourceTree = BUILT_PRODUCTS_DIR; };
		E81A7D8C241E433200836547 /* AppDelegate.swift */ = {isa = PBXFileReference; lastKnownFileType = sourcecode.swift; path = AppDelegate.swift; sourceTree = "<group>"; };
		E81A7D8E241E433200836547 /* SceneDelegate.swift */ = {isa = PBXFileReference; lastKnownFileType = sourcecode.swift; path = SceneDelegate.swift; sourceTree = "<group>"; };
		E81A7D90241E433200836547 /* ViewController.swift */ = {isa = PBXFileReference; lastKnownFileType = sourcecode.swift; path = ViewController.swift; sourceTree = "<group>"; };
		E81A7D93241E433200836547 /* Base */ = {isa = PBXFileReference; lastKnownFileType = file.storyboard; name = Base; path = Base.lproj/Main.storyboard; sourceTree = "<group>"; };
		E81A7D95241E433200836547 /* Assets.xcassets */ = {isa = PBXFileReference; lastKnownFileType = folder.assetcatalog; path = Assets.xcassets; sourceTree = "<group>"; };
		E81A7D98241E433200836547 /* Base */ = {isa = PBXFileReference; lastKnownFileType = file.storyboard; name = Base; path = Base.lproj/LaunchScreen.storyboard; sourceTree = "<group>"; };
		E81A7D9A241E433200836547 /* Info.plist */ = {isa = PBXFileReference; lastKnownFileType = text.plist.xml; path = Info.plist; sourceTree = "<group>"; };
		E81A7DA9241E6FFA00836547 /* TapQRCodeGenerator.swift */ = {isa = PBXFileReference; lastKnownFileType = sourcecode.swift; path = TapQRCodeGenerator.swift; sourceTree = "<group>"; };
		E81A7DAF241E706400836547 /* TapQRCodeExampleObjc-iOS.app */ = {isa = PBXFileReference; explicitFileType = wrapper.application; includeInIndex = 0; path = "TapQRCodeExampleObjc-iOS.app"; sourceTree = BUILT_PRODUCTS_DIR; };
		E81A7DB1241E706400836547 /* AppDelegate.h */ = {isa = PBXFileReference; lastKnownFileType = sourcecode.c.h; path = AppDelegate.h; sourceTree = "<group>"; };
		E81A7DB2241E706400836547 /* AppDelegate.m */ = {isa = PBXFileReference; lastKnownFileType = sourcecode.c.objc; path = AppDelegate.m; sourceTree = "<group>"; };
		E81A7DB4241E706400836547 /* SceneDelegate.h */ = {isa = PBXFileReference; lastKnownFileType = sourcecode.c.h; path = SceneDelegate.h; sourceTree = "<group>"; };
		E81A7DB5241E706400836547 /* SceneDelegate.m */ = {isa = PBXFileReference; lastKnownFileType = sourcecode.c.objc; path = SceneDelegate.m; sourceTree = "<group>"; };
		E81A7DB7241E706400836547 /* ViewController.h */ = {isa = PBXFileReference; lastKnownFileType = sourcecode.c.h; path = ViewController.h; sourceTree = "<group>"; };
		E81A7DB8241E706400836547 /* ViewController.m */ = {isa = PBXFileReference; lastKnownFileType = sourcecode.c.objc; path = ViewController.m; sourceTree = "<group>"; };
		E81A7DBB241E706400836547 /* Base */ = {isa = PBXFileReference; lastKnownFileType = file.storyboard; name = Base; path = Base.lproj/Main.storyboard; sourceTree = "<group>"; };
		E81A7DBD241E706500836547 /* Assets.xcassets */ = {isa = PBXFileReference; lastKnownFileType = folder.assetcatalog; path = Assets.xcassets; sourceTree = "<group>"; };
		E81A7DC0241E706500836547 /* Base */ = {isa = PBXFileReference; lastKnownFileType = file.storyboard; name = Base; path = Base.lproj/LaunchScreen.storyboard; sourceTree = "<group>"; };
		E81A7DC2241E706500836547 /* Info.plist */ = {isa = PBXFileReference; lastKnownFileType = text.plist.xml; path = Info.plist; sourceTree = "<group>"; };
		E81A7DC3241E706500836547 /* main.m */ = {isa = PBXFileReference; lastKnownFileType = sourcecode.c.objc; path = main.m; sourceTree = "<group>"; };
		E81A7DC8241E727D00836547 /* TapQRCodeType.swift */ = {isa = PBXFileReference; lastKnownFileType = sourcecode.swift; path = TapQRCodeType.swift; sourceTree = "<group>"; };
		E81A7DCA241E732400836547 /* TapQrCodeContent.swift */ = {isa = PBXFileReference; lastKnownFileType = sourcecode.swift; path = TapQrCodeContent.swift; sourceTree = "<group>"; };
		E81A7DD2241E870900836547 /* QrCodeValue.swift */ = {isa = PBXFileReference; lastKnownFileType = sourcecode.swift; path = QrCodeValue.swift; sourceTree = "<group>"; };
		E81A7DD5241E897C00836547 /* TapEmvcoPushData.swift */ = {isa = PBXFileReference; lastKnownFileType = sourcecode.swift; path = TapEmvcoPushData.swift; sourceTree = "<group>"; };
		E81A7DD7241E8EFA00836547 /* TapEmvcoNetworkTags.swift */ = {isa = PBXFileReference; lastKnownFileType = sourcecode.swift; path = TapEmvcoNetworkTags.swift; sourceTree = "<group>"; };
		E81A7DD9241E8FAA00836547 /* TapEmvcoPaymentNetwork.swift */ = {isa = PBXFileReference; lastKnownFileType = sourcecode.swift; path = TapEmvcoPaymentNetwork.swift; sourceTree = "<group>"; };
		E81A7DDB241F416E00836547 /* TapEmvcoOfInitiation.swift */ = {isa = PBXFileReference; lastKnownFileType = sourcecode.swift; path = TapEmvcoOfInitiation.swift; sourceTree = "<group>"; };
		E81A7DDD241F4D3C00836547 /* TapEmvcoCurrencyCode.swift */ = {isa = PBXFileReference; lastKnownFileType = sourcecode.swift; path = TapEmvcoCurrencyCode.swift; sourceTree = "<group>"; };
		E81A7DDF241F532000836547 /* TapEmvcoExtraFees.swift */ = {isa = PBXFileReference; lastKnownFileType = sourcecode.swift; path = TapEmvcoExtraFees.swift; sourceTree = "<group>"; };
		E81A7DE1241F565400836547 /* TapEmvcoCountryCode.swift */ = {isa = PBXFileReference; lastKnownFileType = sourcecode.swift; path = TapEmvcoCountryCode.swift; sourceTree = "<group>"; };
		E81A7DE3241F5E0900836547 /* TapEmvcoAdditionalData.swift */ = {isa = PBXFileReference; lastKnownFileType = sourcecode.swift; path = TapEmvcoAdditionalData.swift; sourceTree = "<group>"; };
		E81A7DE5241F632900836547 /* TapEmvcoAdditionalDataCollection.swift */ = {isa = PBXFileReference; lastKnownFileType = sourcecode.swift; path = TapEmvcoAdditionalDataCollection.swift; sourceTree = "<group>"; };
		E81A7DE7241F80EA00836547 /* QRGeneratorSettingsViewController.swift */ = {isa = PBXFileReference; lastKnownFileType = sourcecode.swift; path = QRGeneratorSettingsViewController.swift; sourceTree = "<group>"; };
		E81A7DE9241FAAB800836547 /* QRImageViewController.swift */ = {isa = PBXFileReference; lastKnownFileType = sourcecode.swift; path = QRImageViewController.swift; sourceTree = "<group>"; };
		E81A7DEF2420BFEB00836547 /* EmvcoJson.json */ = {isa = PBXFileReference; lastKnownFileType = text.json; path = EmvcoJson.json; sourceTree = "<group>"; };
		E81A7DFE2421307700836547 /* GoogleService-Info.plist */ = {isa = PBXFileReference; fileEncoding = 4; lastKnownFileType = text.plist.xml; path = "GoogleService-Info.plist"; sourceTree = "<group>"; };
		E82E50FB2421F6E2007E9905 /* TapQRCodeScanner.swift */ = {isa = PBXFileReference; lastKnownFileType = sourcecode.swift; path = TapQRCodeScanner.swift; sourceTree = "<group>"; };
		E82E50FF242213EF007E9905 /* TapScannerViewController.swift */ = {isa = PBXFileReference; lastKnownFileType = sourcecode.swift; path = TapScannerViewController.swift; sourceTree = "<group>"; };
		E82E51032422469A007E9905 /* TapQRCodeScannerResult.swift */ = {isa = PBXFileReference; lastKnownFileType = sourcecode.swift; path = TapQRCodeScannerResult.swift; sourceTree = "<group>"; };
		ED1A1C9D6A47713B541EAE7B /* Pods-TapQRCodeExample-iOS.release.xcconfig */ = {isa = PBXFileReference; includeInIndex = 1; lastKnownFileType = text.xcconfig; name = "Pods-TapQRCodeExample-iOS.release.xcconfig"; path = "Target Support Files/Pods-TapQRCodeExample-iOS/Pods-TapQRCodeExample-iOS.release.xcconfig"; sourceTree = "<group>"; };
		EF3494C5B30E96B8C7D482AB /* Pods-TapQRCodeExample-iOS.debug.xcconfig */ = {isa = PBXFileReference; includeInIndex = 1; lastKnownFileType = text.xcconfig; name = "Pods-TapQRCodeExample-iOS.debug.xcconfig"; path = "Target Support Files/Pods-TapQRCodeExample-iOS/Pods-TapQRCodeExample-iOS.debug.xcconfig"; sourceTree = "<group>"; };
		FD3592FAE2619D3AD3AEB296 /* Pods_TapQRCodeExample_iOS.framework */ = {isa = PBXFileReference; explicitFileType = wrapper.framework; includeInIndex = 0; path = Pods_TapQRCodeExample_iOS.framework; sourceTree = BUILT_PRODUCTS_DIR; };
/* End PBXFileReference section */

/* Begin PBXFrameworksBuildPhase section */
		E81A7D43241E3DA900836547 /* Frameworks */ = {
			isa = PBXFrameworksBuildPhase;
			buildActionMask = 2147483647;
			files = (
				7A6AB79801696629EC472B13 /* Pods_TapQRCode_iOS.framework in Frameworks */,
			);
			runOnlyForDeploymentPostprocessing = 0;
		};
		E81A7D87241E433200836547 /* Frameworks */ = {
			isa = PBXFrameworksBuildPhase;
			buildActionMask = 2147483647;
			files = (
				E81A7E0F242144FA00836547 /* TapQRCode_iOS.framework in Frameworks */,
				79BAC01490500B796460D60F /* Pods_TapQRCodeExample_iOS.framework in Frameworks */,
			);
			runOnlyForDeploymentPostprocessing = 0;
		};
		E81A7DAC241E706400836547 /* Frameworks */ = {
			isa = PBXFrameworksBuildPhase;
			buildActionMask = 2147483647;
			files = (
			);
			runOnlyForDeploymentPostprocessing = 0;
		};
/* End PBXFrameworksBuildPhase section */

/* Begin PBXGroup section */
		5F9443FE22E9F72EAF958567 /* Pods */ = {
			isa = PBXGroup;
			children = (
				C7E8866CDE058D89627C90EB /* Pods-TapQRCode-iOS.debug.xcconfig */,
				38C47572AE4D23338B31ECE6 /* Pods-TapQRCode-iOS.release.xcconfig */,
				EF3494C5B30E96B8C7D482AB /* Pods-TapQRCodeExample-iOS.debug.xcconfig */,
				ED1A1C9D6A47713B541EAE7B /* Pods-TapQRCodeExample-iOS.release.xcconfig */,
			);
			path = Pods;
			sourceTree = "<group>";
		};
		E81A7D3C241E3DA900836547 = {
			isa = PBXGroup;
			children = (
				E81A7D48241E3DA900836547 /* TapQRCode-iOS */,
				E81A7D8B241E433200836547 /* TapQRCodeExample-iOS */,
				E81A7DB0241E706400836547 /* TapQRCodeExampleObjc-iOS */,
				E81A7D47241E3DA900836547 /* Products */,
				E81A7D51241E41AC00836547 /* Frameworks */,
				5F9443FE22E9F72EAF958567 /* Pods */,
			);
			sourceTree = "<group>";
		};
		E81A7D47241E3DA900836547 /* Products */ = {
			isa = PBXGroup;
			children = (
				E81A7D46241E3DA900836547 /* TapQRCode_iOS.framework */,
				E81A7D8A241E433200836547 /* TapQRCodeExample-iOS.app */,
				E81A7DAF241E706400836547 /* TapQRCodeExampleObjc-iOS.app */,
			);
			name = Products;
			sourceTree = "<group>";
		};
		E81A7D48241E3DA900836547 /* TapQRCode-iOS */ = {
			isa = PBXGroup;
			children = (
				E81A7D9E241E43D200836547 /* Core */,
				E81A7D49241E3DA900836547 /* TapQRCode_iOS.h */,
				E81A7D4A241E3DA900836547 /* Info.plist */,
			);
			path = "TapQRCode-iOS";
			sourceTree = "<group>";
		};
		E81A7D51241E41AC00836547 /* Frameworks */ = {
			isa = PBXGroup;
			children = (
				C70417C664D6A1B72D97C11A /* Pods_TapQRCode_iOS.framework */,
				FD3592FAE2619D3AD3AEB296 /* Pods_TapQRCodeExample_iOS.framework */,
			);
			name = Frameworks;
			sourceTree = "<group>";
		};
		E81A7D8B241E433200836547 /* TapQRCodeExample-iOS */ = {
			isa = PBXGroup;
			children = (
				E81A7D8C241E433200836547 /* AppDelegate.swift */,
				E81A7D8E241E433200836547 /* SceneDelegate.swift */,
				E81A7D90241E433200836547 /* ViewController.swift */,
				E81A7D92241E433200836547 /* Main.storyboard */,
				E81A7D95241E433200836547 /* Assets.xcassets */,
				E81A7D97241E433200836547 /* LaunchScreen.storyboard */,
				E81A7D9A241E433200836547 /* Info.plist */,
				E81A7DFE2421307700836547 /* GoogleService-Info.plist */,
				E81A7DE7241F80EA00836547 /* QRGeneratorSettingsViewController.swift */,
				E81A7DE9241FAAB800836547 /* QRImageViewController.swift */,
				E81A7DEF2420BFEB00836547 /* EmvcoJson.json */,
				E82E50FF242213EF007E9905 /* TapScannerViewController.swift */,
			);
			path = "TapQRCodeExample-iOS";
			sourceTree = "<group>";
		};
		E81A7D9E241E43D200836547 /* Core */ = {
			isa = PBXGroup;
			children = (
				E81A7DCC241E760200836547 /* Private */,
				E81A7DA8241E6FAF00836547 /* Public */,
			);
			path = Core;
			sourceTree = "<group>";
		};
		E81A7DA0241E441300836547 /* enums */ = {
			isa = PBXGroup;
			children = (
				E81A7DC8241E727D00836547 /* TapQRCodeType.swift */,
				E81A7DD7241E8EFA00836547 /* TapEmvcoNetworkTags.swift */,
				E81A7DDB241F416E00836547 /* TapEmvcoOfInitiation.swift */,
				E81A7DDD241F4D3C00836547 /* TapEmvcoCurrencyCode.swift */,
				E81A7DDF241F532000836547 /* TapEmvcoExtraFees.swift */,
				E81A7DE1241F565400836547 /* TapEmvcoCountryCode.swift */,
				E81A7DE5241F632900836547 /* TapEmvcoAdditionalDataCollection.swift */,
			);
			path = enums;
			sourceTree = "<group>";
		};
		E81A7DA8241E6FAF00836547 /* Public */ = {
			isa = PBXGroup;
			children = (
				E81A7DA0241E441300836547 /* enums */,
				E82E50FE2421F722007E9905 /* TapQRCodeScanner */,
				E82E50FD2421F711007E9905 /* TapQRCodeGenerator */,
			);
			path = Public;
			sourceTree = "<group>";
		};
		E81A7DB0241E706400836547 /* TapQRCodeExampleObjc-iOS */ = {
			isa = PBXGroup;
			children = (
				E81A7DB1241E706400836547 /* AppDelegate.h */,
				E81A7DB2241E706400836547 /* AppDelegate.m */,
				E81A7DB4241E706400836547 /* SceneDelegate.h */,
				E81A7DB5241E706400836547 /* SceneDelegate.m */,
				E81A7DB7241E706400836547 /* ViewController.h */,
				E81A7DB8241E706400836547 /* ViewController.m */,
				E81A7DBA241E706400836547 /* Main.storyboard */,
				E81A7DBD241E706500836547 /* Assets.xcassets */,
				E81A7DBF241E706500836547 /* LaunchScreen.storyboard */,
				E81A7DC2241E706500836547 /* Info.plist */,
				E81A7DC3241E706500836547 /* main.m */,
			);
			path = "TapQRCodeExampleObjc-iOS";
			sourceTree = "<group>";
		};
		E81A7DCC241E760200836547 /* Private */ = {
			isa = PBXGroup;
			children = (
				E81A7DD1241E86F900836547 /* enums */,
			);
			path = Private;
			sourceTree = "<group>";
		};
		E81A7DD1241E86F900836547 /* enums */ = {
			isa = PBXGroup;
			children = (
				E81A7DD2241E870900836547 /* QrCodeValue.swift */,
			);
			path = enums;
			sourceTree = "<group>";
		};
		E82E50FD2421F711007E9905 /* TapQRCodeGenerator */ = {
			isa = PBXGroup;
			children = (
				E81A7DA9241E6FFA00836547 /* TapQRCodeGenerator.swift */,
				E81A7DCA241E732400836547 /* TapQrCodeContent.swift */,
				E81A7DD5241E897C00836547 /* TapEmvcoPushData.swift */,
				E81A7DD9241E8FAA00836547 /* TapEmvcoPaymentNetwork.swift */,
				E81A7DE3241F5E0900836547 /* TapEmvcoAdditionalData.swift */,
			);
			path = TapQRCodeGenerator;
			sourceTree = "<group>";
		};
		E82E50FE2421F722007E9905 /* TapQRCodeScanner */ = {
			isa = PBXGroup;
			children = (
				E82E50FB2421F6E2007E9905 /* TapQRCodeScanner.swift */,
				E82E51032422469A007E9905 /* TapQRCodeScannerResult.swift */,
			);
			path = TapQRCodeScanner;
			sourceTree = "<group>";
		};
/* End PBXGroup section */

/* Begin PBXHeadersBuildPhase section */
		E81A7D41241E3DA900836547 /* Headers */ = {
			isa = PBXHeadersBuildPhase;
			buildActionMask = 2147483647;
			files = (
				E81A7D4B241E3DA900836547 /* TapQRCode_iOS.h in Headers */,
			);
			runOnlyForDeploymentPostprocessing = 0;
		};
/* End PBXHeadersBuildPhase section */

/* Begin PBXNativeTarget section */
		E81A7D45241E3DA900836547 /* TapQRCode-iOS */ = {
			isa = PBXNativeTarget;
			buildConfigurationList = E81A7D4E241E3DA900836547 /* Build configuration list for PBXNativeTarget "TapQRCode-iOS" */;
			buildPhases = (
				998E5F30AD882C7B03837B05 /* [CP] Check Pods Manifest.lock */,
				E81A7D41241E3DA900836547 /* Headers */,
				E81A7D42241E3DA900836547 /* Sources */,
				E81A7D43241E3DA900836547 /* Frameworks */,
				E81A7D44241E3DA900836547 /* Resources */,
				E81A7E0424213A3600836547 /* Embed Frameworks */,
			);
			buildRules = (
			);
			dependencies = (
			);
			name = "TapQRCode-iOS";
			productName = "TapQRCode-iOS";
			productReference = E81A7D46241E3DA900836547 /* TapQRCode_iOS.framework */;
			productType = "com.apple.product-type.framework";
		};
		E81A7D89241E433200836547 /* TapQRCodeExample-iOS */ = {
			isa = PBXNativeTarget;
			buildConfigurationList = E81A7D9D241E433200836547 /* Build configuration list for PBXNativeTarget "TapQRCodeExample-iOS" */;
			buildPhases = (
				C7D5E427A07DD1044126B768 /* [CP] Check Pods Manifest.lock */,
				E81A7D86241E433200836547 /* Sources */,
				E81A7D87241E433200836547 /* Frameworks */,
				E81A7D88241E433200836547 /* Resources */,
				71F9D1973365E399674CBE02 /* [CP] Embed Pods Frameworks */,
				E81A7E0D2421447B00836547 /* Embed Frameworks */,
			);
			buildRules = (
			);
			dependencies = (
				E81A7DF724211EAC00836547 /* PBXTargetDependency */,
			);
			name = "TapQRCodeExample-iOS";
			productName = "TapQRCodeExample-iOS";
			productReference = E81A7D8A241E433200836547 /* TapQRCodeExample-iOS.app */;
			productType = "com.apple.product-type.application";
		};
		E81A7DAE241E706400836547 /* TapQRCodeExampleObjc-iOS */ = {
			isa = PBXNativeTarget;
			buildConfigurationList = E81A7DC5241E706500836547 /* Build configuration list for PBXNativeTarget "TapQRCodeExampleObjc-iOS" */;
			buildPhases = (
				E81A7DAB241E706400836547 /* Sources */,
				E81A7DAC241E706400836547 /* Frameworks */,
				E81A7DAD241E706400836547 /* Resources */,
			);
			buildRules = (
			);
			dependencies = (
			);
			name = "TapQRCodeExampleObjc-iOS";
			productName = "TapQRCodeExampleObjc-iOS";
			productReference = E81A7DAF241E706400836547 /* TapQRCodeExampleObjc-iOS.app */;
			productType = "com.apple.product-type.application";
		};
/* End PBXNativeTarget section */

/* Begin PBXProject section */
		E81A7D3D241E3DA900836547 /* Project object */ = {
			isa = PBXProject;
			attributes = {
				LastSwiftUpdateCheck = 1120;
				LastUpgradeCheck = 1120;
				ORGANIZATIONNAME = "Tap Payments";
				TargetAttributes = {
					E81A7D45241E3DA900836547 = {
						CreatedOnToolsVersion = 11.2.1;
						LastSwiftMigration = 1120;
					};
					E81A7D89241E433200836547 = {
						CreatedOnToolsVersion = 11.2.1;
					};
					E81A7DAE241E706400836547 = {
						CreatedOnToolsVersion = 11.2.1;
					};
				};
			};
			buildConfigurationList = E81A7D40241E3DA900836547 /* Build configuration list for PBXProject "TapQRCode-iOS" */;
			compatibilityVersion = "Xcode 9.3";
			developmentRegion = en;
			hasScannedForEncodings = 0;
			knownRegions = (
				en,
				Base,
			);
			mainGroup = E81A7D3C241E3DA900836547;
			productRefGroup = E81A7D47241E3DA900836547 /* Products */;
			projectDirPath = "";
			projectRoot = "";
			targets = (
				E81A7D45241E3DA900836547 /* TapQRCode-iOS */,
				E81A7D89241E433200836547 /* TapQRCodeExample-iOS */,
				E81A7DAE241E706400836547 /* TapQRCodeExampleObjc-iOS */,
			);
		};
/* End PBXProject section */

/* Begin PBXResourcesBuildPhase section */
		E81A7D44241E3DA900836547 /* Resources */ = {
			isa = PBXResourcesBuildPhase;
			buildActionMask = 2147483647;
			files = (
			);
			runOnlyForDeploymentPostprocessing = 0;
		};
		E81A7D88241E433200836547 /* Resources */ = {
			isa = PBXResourcesBuildPhase;
			buildActionMask = 2147483647;
			files = (
				E81A7DFF2421307700836547 /* GoogleService-Info.plist in Resources */,
				E81A7D99241E433200836547 /* LaunchScreen.storyboard in Resources */,
				E81A7D96241E433200836547 /* Assets.xcassets in Resources */,
				E81A7DF02420BFEB00836547 /* EmvcoJson.json in Resources */,
				E81A7D94241E433200836547 /* Main.storyboard in Resources */,
			);
			runOnlyForDeploymentPostprocessing = 0;
		};
		E81A7DAD241E706400836547 /* Resources */ = {
			isa = PBXResourcesBuildPhase;
			buildActionMask = 2147483647;
			files = (
				E81A7DC1241E706500836547 /* LaunchScreen.storyboard in Resources */,
				E81A7DBE241E706500836547 /* Assets.xcassets in Resources */,
				E81A7DBC241E706400836547 /* Main.storyboard in Resources */,
			);
			runOnlyForDeploymentPostprocessing = 0;
		};
/* End PBXResourcesBuildPhase section */

/* Begin PBXShellScriptBuildPhase section */
		71F9D1973365E399674CBE02 /* [CP] Embed Pods Frameworks */ = {
			isa = PBXShellScriptBuildPhase;
			buildActionMask = 2147483647;
			files = (
			);
			inputFileListPaths = (
				"${PODS_ROOT}/Target Support Files/Pods-TapQRCodeExample-iOS/Pods-TapQRCodeExample-iOS-frameworks-${CONFIGURATION}-input-files.xcfilelist",
			);
			name = "[CP] Embed Pods Frameworks";
			outputFileListPaths = (
				"${PODS_ROOT}/Target Support Files/Pods-TapQRCodeExample-iOS/Pods-TapQRCodeExample-iOS-frameworks-${CONFIGURATION}-output-files.xcfilelist",
			);
			runOnlyForDeploymentPostprocessing = 0;
			shellPath = /bin/sh;
			shellScript = "\"${PODS_ROOT}/Target Support Files/Pods-TapQRCodeExample-iOS/Pods-TapQRCodeExample-iOS-frameworks.sh\"\n";
			showEnvVarsInLog = 0;
		};
		998E5F30AD882C7B03837B05 /* [CP] Check Pods Manifest.lock */ = {
			isa = PBXShellScriptBuildPhase;
			buildActionMask = 2147483647;
			files = (
			);
			inputFileListPaths = (
			);
			inputPaths = (
				"${PODS_PODFILE_DIR_PATH}/Podfile.lock",
				"${PODS_ROOT}/Manifest.lock",
			);
			name = "[CP] Check Pods Manifest.lock";
			outputFileListPaths = (
			);
			outputPaths = (
				"$(DERIVED_FILE_DIR)/Pods-TapQRCode-iOS-checkManifestLockResult.txt",
			);
			runOnlyForDeploymentPostprocessing = 0;
			shellPath = /bin/sh;
			shellScript = "diff \"${PODS_PODFILE_DIR_PATH}/Podfile.lock\" \"${PODS_ROOT}/Manifest.lock\" > /dev/null\nif [ $? != 0 ] ; then\n    # print error to STDERR\n    echo \"error: The sandbox is not in sync with the Podfile.lock. Run 'pod install' or update your CocoaPods installation.\" >&2\n    exit 1\nfi\n# This output is used by Xcode 'outputs' to avoid re-running this script phase.\necho \"SUCCESS\" > \"${SCRIPT_OUTPUT_FILE_0}\"\n";
			showEnvVarsInLog = 0;
		};
		C7D5E427A07DD1044126B768 /* [CP] Check Pods Manifest.lock */ = {
			isa = PBXShellScriptBuildPhase;
			buildActionMask = 2147483647;
			files = (
			);
			inputFileListPaths = (
			);
			inputPaths = (
				"${PODS_PODFILE_DIR_PATH}/Podfile.lock",
				"${PODS_ROOT}/Manifest.lock",
			);
			name = "[CP] Check Pods Manifest.lock";
			outputFileListPaths = (
			);
			outputPaths = (
				"$(DERIVED_FILE_DIR)/Pods-TapQRCodeExample-iOS-checkManifestLockResult.txt",
			);
			runOnlyForDeploymentPostprocessing = 0;
			shellPath = /bin/sh;
			shellScript = "diff \"${PODS_PODFILE_DIR_PATH}/Podfile.lock\" \"${PODS_ROOT}/Manifest.lock\" > /dev/null\nif [ $? != 0 ] ; then\n    # print error to STDERR\n    echo \"error: The sandbox is not in sync with the Podfile.lock. Run 'pod install' or update your CocoaPods installation.\" >&2\n    exit 1\nfi\n# This output is used by Xcode 'outputs' to avoid re-running this script phase.\necho \"SUCCESS\" > \"${SCRIPT_OUTPUT_FILE_0}\"\n";
			showEnvVarsInLog = 0;
		};
/* End PBXShellScriptBuildPhase section */

/* Begin PBXSourcesBuildPhase section */
		E81A7D42241E3DA900836547 /* Sources */ = {
			isa = PBXSourcesBuildPhase;
			buildActionMask = 2147483647;
			files = (
				E81A7DE6241F632900836547 /* TapEmvcoAdditionalDataCollection.swift in Sources */,
				E81A7DCB241E732400836547 /* TapQrCodeContent.swift in Sources */,
				E81A7DE4241F5E0900836547 /* TapEmvcoAdditionalData.swift in Sources */,
				E81A7DDC241F416E00836547 /* TapEmvcoOfInitiation.swift in Sources */,
				E82E50FC2421F6E2007E9905 /* TapQRCodeScanner.swift in Sources */,
				E81A7DDE241F4D3C00836547 /* TapEmvcoCurrencyCode.swift in Sources */,
				E81A7DAA241E6FFA00836547 /* TapQRCodeGenerator.swift in Sources */,
				E81A7DE0241F532000836547 /* TapEmvcoExtraFees.swift in Sources */,
				E81A7DC9241E727D00836547 /* TapQRCodeType.swift in Sources */,
				E81A7DD6241E897C00836547 /* TapEmvcoPushData.swift in Sources */,
				E81A7DDA241E8FAA00836547 /* TapEmvcoPaymentNetwork.swift in Sources */,
				E82E51042422469A007E9905 /* TapQRCodeScannerResult.swift in Sources */,
				E81A7DE2241F565400836547 /* TapEmvcoCountryCode.swift in Sources */,
				E81A7DD8241E8EFA00836547 /* TapEmvcoNetworkTags.swift in Sources */,
				E81A7DD3241E870900836547 /* QrCodeValue.swift in Sources */,
			);
			runOnlyForDeploymentPostprocessing = 0;
		};
		E81A7D86241E433200836547 /* Sources */ = {
			isa = PBXSourcesBuildPhase;
			buildActionMask = 2147483647;
			files = (
				E81A7DE8241F80EA00836547 /* QRGeneratorSettingsViewController.swift in Sources */,
				E81A7D91241E433200836547 /* ViewController.swift in Sources */,
				E81A7DEA241FAAB800836547 /* QRImageViewController.swift in Sources */,
				E81A7D8D241E433200836547 /* AppDelegate.swift in Sources */,
				E81A7D8F241E433200836547 /* SceneDelegate.swift in Sources */,
				E82E5100242213EF007E9905 /* TapScannerViewController.swift in Sources */,
			);
			runOnlyForDeploymentPostprocessing = 0;
		};
		E81A7DAB241E706400836547 /* Sources */ = {
			isa = PBXSourcesBuildPhase;
			buildActionMask = 2147483647;
			files = (
				E81A7DB9241E706400836547 /* ViewController.m in Sources */,
				E81A7DB3241E706400836547 /* AppDelegate.m in Sources */,
				E81A7DC4241E706500836547 /* main.m in Sources */,
				E81A7DB6241E706400836547 /* SceneDelegate.m in Sources */,
			);
			runOnlyForDeploymentPostprocessing = 0;
		};
/* End PBXSourcesBuildPhase section */

/* Begin PBXTargetDependency section */
		E81A7DF724211EAC00836547 /* PBXTargetDependency */ = {
			isa = PBXTargetDependency;
			target = E81A7D45241E3DA900836547 /* TapQRCode-iOS */;
			targetProxy = E81A7DF624211EAC00836547 /* PBXContainerItemProxy */;
		};
/* End PBXTargetDependency section */

/* Begin PBXVariantGroup section */
		E81A7D92241E433200836547 /* Main.storyboard */ = {
			isa = PBXVariantGroup;
			children = (
				E81A7D93241E433200836547 /* Base */,
			);
			name = Main.storyboard;
			sourceTree = "<group>";
		};
		E81A7D97241E433200836547 /* LaunchScreen.storyboard */ = {
			isa = PBXVariantGroup;
			children = (
				E81A7D98241E433200836547 /* Base */,
			);
			name = LaunchScreen.storyboard;
			sourceTree = "<group>";
		};
		E81A7DBA241E706400836547 /* Main.storyboard */ = {
			isa = PBXVariantGroup;
			children = (
				E81A7DBB241E706400836547 /* Base */,
			);
			name = Main.storyboard;
			sourceTree = "<group>";
		};
		E81A7DBF241E706500836547 /* LaunchScreen.storyboard */ = {
			isa = PBXVariantGroup;
			children = (
				E81A7DC0241E706500836547 /* Base */,
			);
			name = LaunchScreen.storyboard;
			sourceTree = "<group>";
		};
/* End PBXVariantGroup section */

/* Begin XCBuildConfiguration section */
		E81A7D4C241E3DA900836547 /* Debug */ = {
			isa = XCBuildConfiguration;
			buildSettings = {
				ALWAYS_SEARCH_USER_PATHS = NO;
				CLANG_ANALYZER_NONNULL = YES;
				CLANG_ANALYZER_NUMBER_OBJECT_CONVERSION = YES_AGGRESSIVE;
				CLANG_CXX_LANGUAGE_STANDARD = "gnu++14";
				CLANG_CXX_LIBRARY = "libc++";
				CLANG_ENABLE_MODULES = YES;
				CLANG_ENABLE_OBJC_ARC = YES;
				CLANG_ENABLE_OBJC_WEAK = YES;
				CLANG_WARN_BLOCK_CAPTURE_AUTORELEASING = YES;
				CLANG_WARN_BOOL_CONVERSION = YES;
				CLANG_WARN_COMMA = YES;
				CLANG_WARN_CONSTANT_CONVERSION = YES;
				CLANG_WARN_DEPRECATED_OBJC_IMPLEMENTATIONS = YES;
				CLANG_WARN_DIRECT_OBJC_ISA_USAGE = YES_ERROR;
				CLANG_WARN_DOCUMENTATION_COMMENTS = YES;
				CLANG_WARN_EMPTY_BODY = YES;
				CLANG_WARN_ENUM_CONVERSION = YES;
				CLANG_WARN_INFINITE_RECURSION = YES;
				CLANG_WARN_INT_CONVERSION = YES;
				CLANG_WARN_NON_LITERAL_NULL_CONVERSION = YES;
				CLANG_WARN_OBJC_IMPLICIT_RETAIN_SELF = YES;
				CLANG_WARN_OBJC_LITERAL_CONVERSION = YES;
				CLANG_WARN_OBJC_ROOT_CLASS = YES_ERROR;
				CLANG_WARN_RANGE_LOOP_ANALYSIS = YES;
				CLANG_WARN_STRICT_PROTOTYPES = YES;
				CLANG_WARN_SUSPICIOUS_MOVE = YES;
				CLANG_WARN_UNGUARDED_AVAILABILITY = YES_AGGRESSIVE;
				CLANG_WARN_UNREACHABLE_CODE = YES;
				CLANG_WARN__DUPLICATE_METHOD_MATCH = YES;
				COPY_PHASE_STRIP = NO;
				CURRENT_PROJECT_VERSION = 1;
				DEBUG_INFORMATION_FORMAT = dwarf;
				ENABLE_BITCODE = NO;
				ENABLE_STRICT_OBJC_MSGSEND = YES;
				ENABLE_TESTABILITY = YES;
				GCC_C_LANGUAGE_STANDARD = gnu11;
				GCC_DYNAMIC_NO_PIC = NO;
				GCC_NO_COMMON_BLOCKS = YES;
				GCC_OPTIMIZATION_LEVEL = 0;
				GCC_PREPROCESSOR_DEFINITIONS = (
					"DEBUG=1",
					"$(inherited)",
				);
				GCC_WARN_64_TO_32_BIT_CONVERSION = YES;
				GCC_WARN_ABOUT_RETURN_TYPE = YES_ERROR;
				GCC_WARN_UNDECLARED_SELECTOR = YES;
				GCC_WARN_UNINITIALIZED_AUTOS = YES_AGGRESSIVE;
				GCC_WARN_UNUSED_FUNCTION = YES;
				GCC_WARN_UNUSED_VARIABLE = YES;
				IPHONEOS_DEPLOYMENT_TARGET = 12.0;
				MTL_ENABLE_DEBUG_INFO = INCLUDE_SOURCE;
				MTL_FAST_MATH = YES;
				ONLY_ACTIVE_ARCH = YES;
				SDKROOT = iphoneos;
				SWIFT_ACTIVE_COMPILATION_CONDITIONS = DEBUG;
				SWIFT_OPTIMIZATION_LEVEL = "-Onone";
				VERSIONING_SYSTEM = "apple-generic";
				VERSION_INFO_PREFIX = "";
			};
			name = Debug;
		};
		E81A7D4D241E3DA900836547 /* Release */ = {
			isa = XCBuildConfiguration;
			buildSettings = {
				ALWAYS_SEARCH_USER_PATHS = NO;
				CLANG_ANALYZER_NONNULL = YES;
				CLANG_ANALYZER_NUMBER_OBJECT_CONVERSION = YES_AGGRESSIVE;
				CLANG_CXX_LANGUAGE_STANDARD = "gnu++14";
				CLANG_CXX_LIBRARY = "libc++";
				CLANG_ENABLE_MODULES = YES;
				CLANG_ENABLE_OBJC_ARC = YES;
				CLANG_ENABLE_OBJC_WEAK = YES;
				CLANG_WARN_BLOCK_CAPTURE_AUTORELEASING = YES;
				CLANG_WARN_BOOL_CONVERSION = YES;
				CLANG_WARN_COMMA = YES;
				CLANG_WARN_CONSTANT_CONVERSION = YES;
				CLANG_WARN_DEPRECATED_OBJC_IMPLEMENTATIONS = YES;
				CLANG_WARN_DIRECT_OBJC_ISA_USAGE = YES_ERROR;
				CLANG_WARN_DOCUMENTATION_COMMENTS = YES;
				CLANG_WARN_EMPTY_BODY = YES;
				CLANG_WARN_ENUM_CONVERSION = YES;
				CLANG_WARN_INFINITE_RECURSION = YES;
				CLANG_WARN_INT_CONVERSION = YES;
				CLANG_WARN_NON_LITERAL_NULL_CONVERSION = YES;
				CLANG_WARN_OBJC_IMPLICIT_RETAIN_SELF = YES;
				CLANG_WARN_OBJC_LITERAL_CONVERSION = YES;
				CLANG_WARN_OBJC_ROOT_CLASS = YES_ERROR;
				CLANG_WARN_RANGE_LOOP_ANALYSIS = YES;
				CLANG_WARN_STRICT_PROTOTYPES = YES;
				CLANG_WARN_SUSPICIOUS_MOVE = YES;
				CLANG_WARN_UNGUARDED_AVAILABILITY = YES_AGGRESSIVE;
				CLANG_WARN_UNREACHABLE_CODE = YES;
				CLANG_WARN__DUPLICATE_METHOD_MATCH = YES;
				COPY_PHASE_STRIP = NO;
				CURRENT_PROJECT_VERSION = 1;
				DEBUG_INFORMATION_FORMAT = "dwarf-with-dsym";
				ENABLE_BITCODE = NO;
				ENABLE_NS_ASSERTIONS = NO;
				ENABLE_STRICT_OBJC_MSGSEND = YES;
				GCC_C_LANGUAGE_STANDARD = gnu11;
				GCC_NO_COMMON_BLOCKS = YES;
				GCC_WARN_64_TO_32_BIT_CONVERSION = YES;
				GCC_WARN_ABOUT_RETURN_TYPE = YES_ERROR;
				GCC_WARN_UNDECLARED_SELECTOR = YES;
				GCC_WARN_UNINITIALIZED_AUTOS = YES_AGGRESSIVE;
				GCC_WARN_UNUSED_FUNCTION = YES;
				GCC_WARN_UNUSED_VARIABLE = YES;
				IPHONEOS_DEPLOYMENT_TARGET = 12.0;
				MTL_ENABLE_DEBUG_INFO = NO;
				MTL_FAST_MATH = YES;
				SDKROOT = iphoneos;
				SWIFT_COMPILATION_MODE = wholemodule;
				SWIFT_OPTIMIZATION_LEVEL = "-O";
				VALIDATE_PRODUCT = YES;
				VERSIONING_SYSTEM = "apple-generic";
				VERSION_INFO_PREFIX = "";
			};
			name = Release;
		};
		E81A7D4F241E3DA900836547 /* Debug */ = {
			isa = XCBuildConfiguration;
			baseConfigurationReference = C7E8866CDE058D89627C90EB /* Pods-TapQRCode-iOS.debug.xcconfig */;
			buildSettings = {
				CLANG_ENABLE_MODULES = YES;
				CODE_SIGN_IDENTITY = "Apple Development";
				"CODE_SIGN_IDENTITY[sdk=macosx*]" = "Apple Development";
				CODE_SIGN_STYLE = Automatic;
				DEFINES_MODULE = YES;
				DEVELOPMENT_TEAM = G46S76PUH4;
				DYLIB_COMPATIBILITY_VERSION = 1;
				DYLIB_CURRENT_VERSION = 1;
				DYLIB_INSTALL_NAME_BASE = "@rpath";
				ENABLE_BITCODE = NO;
				FRAMEWORK_SEARCH_PATHS = (
					"$(inherited)",
					"$(PROJECT_DIR)",
					"$(PROJECT_DIR)/TapQRCode-iOS/Core/Frameworks",
				);
				INFOPLIST_FILE = "TapQRCode-iOS/Info.plist";
				INSTALL_PATH = "$(LOCAL_LIBRARY_DIR)/Frameworks";
				IPHONEOS_DEPLOYMENT_TARGET = 12.0;
				LD_RUNPATH_SEARCH_PATHS = (
					"$(inherited)",
					"@executable_path/Frameworks",
					"@loader_path/Frameworks",
				);
				PRODUCT_BUNDLE_IDENTIFIER = "company.tap.TapQRCode-iOS";
				PRODUCT_NAME = "$(TARGET_NAME:c99extidentifier)";
				PROVISIONING_PROFILE_SPECIFIER = "";
				"PROVISIONING_PROFILE_SPECIFIER[sdk=macosx*]" = "";
				SKIP_INSTALL = YES;
				SWIFT_OPTIMIZATION_LEVEL = "-Onone";
				SWIFT_VERSION = 5.0;
				TARGETED_DEVICE_FAMILY = "1,2";
			};
			name = Debug;
		};
		E81A7D50241E3DA900836547 /* Release */ = {
			isa = XCBuildConfiguration;
			baseConfigurationReference = 38C47572AE4D23338B31ECE6 /* Pods-TapQRCode-iOS.release.xcconfig */;
			buildSettings = {
				CLANG_ENABLE_MODULES = YES;
				CODE_SIGN_IDENTITY = "Apple Development";
				"CODE_SIGN_IDENTITY[sdk=macosx*]" = "Apple Development";
				CODE_SIGN_STYLE = Automatic;
				DEFINES_MODULE = YES;
				DEVELOPMENT_TEAM = G46S76PUH4;
				DYLIB_COMPATIBILITY_VERSION = 1;
				DYLIB_CURRENT_VERSION = 1;
				DYLIB_INSTALL_NAME_BASE = "@rpath";
				ENABLE_BITCODE = NO;
				FRAMEWORK_SEARCH_PATHS = (
					"$(inherited)",
					"$(PROJECT_DIR)",
					"$(PROJECT_DIR)/TapQRCode-iOS/Core/Frameworks",
				);
				INFOPLIST_FILE = "TapQRCode-iOS/Info.plist";
				INSTALL_PATH = "$(LOCAL_LIBRARY_DIR)/Frameworks";
				IPHONEOS_DEPLOYMENT_TARGET = 12.0;
				LD_RUNPATH_SEARCH_PATHS = (
					"$(inherited)",
					"@executable_path/Frameworks",
					"@loader_path/Frameworks",
				);
				PRODUCT_BUNDLE_IDENTIFIER = "company.tap.TapQRCode-iOS";
				PRODUCT_NAME = "$(TARGET_NAME:c99extidentifier)";
				PROVISIONING_PROFILE_SPECIFIER = "";
				"PROVISIONING_PROFILE_SPECIFIER[sdk=macosx*]" = "";
				SKIP_INSTALL = YES;
				SWIFT_VERSION = 5.0;
				TARGETED_DEVICE_FAMILY = "1,2";
			};
			name = Release;
		};
		E81A7D9B241E433200836547 /* Debug */ = {
			isa = XCBuildConfiguration;
			baseConfigurationReference = EF3494C5B30E96B8C7D482AB /* Pods-TapQRCodeExample-iOS.debug.xcconfig */;
			buildSettings = {
				ASSETCATALOG_COMPILER_APPICON_NAME = AppIcon;
				CODE_SIGN_IDENTITY = "iPhone Distribution";
				CODE_SIGN_STYLE = Manual;
				CURRENT_PROJECT_VERSION = 1.4;
				DEVELOPMENT_TEAM = G46S76PUH4;
				ENABLE_BITCODE = NO;
				FRAMEWORK_SEARCH_PATHS = (
					"$(inherited)",
					"$(PROJECT_DIR)",
					"$(PROJECT_DIR)/TapQRCode-iOS/Core/Frameworks",
				);
				INFOPLIST_FILE = "TapQRCodeExample-iOS/Info.plist";
				IPHONEOS_DEPLOYMENT_TARGET = 12.0;
				LD_RUNPATH_SEARCH_PATHS = (
					"$(inherited)",
					"@executable_path/Frameworks",
				);
				PRODUCT_BUNDLE_IDENTIFIER = "company.tap.TapQRCodeExample-iOS";
				PRODUCT_NAME = "$(TARGET_NAME)";
				PROVISIONING_PROFILE_SPECIFIER = TapQRCodeExampleAdHoc;
				SWIFT_VERSION = 5.0;
				TARGETED_DEVICE_FAMILY = "1,2";
			};
			name = Debug;
		};
		E81A7D9C241E433200836547 /* Release */ = {
			isa = XCBuildConfiguration;
			baseConfigurationReference = ED1A1C9D6A47713B541EAE7B /* Pods-TapQRCodeExample-iOS.release.xcconfig */;
			buildSettings = {
				ASSETCATALOG_COMPILER_APPICON_NAME = AppIcon;
				CODE_SIGN_IDENTITY = "iPhone Distribution";
				CODE_SIGN_STYLE = Manual;
				CURRENT_PROJECT_VERSION = 1.4;
				DEVELOPMENT_TEAM = G46S76PUH4;
				ENABLE_BITCODE = NO;
				FRAMEWORK_SEARCH_PATHS = (
					"$(inherited)",
					"$(PROJECT_DIR)",
					"$(PROJECT_DIR)/TapQRCode-iOS/Core/Frameworks",
				);
				INFOPLIST_FILE = "TapQRCodeExample-iOS/Info.plist";
				IPHONEOS_DEPLOYMENT_TARGET = 12.0;
				LD_RUNPATH_SEARCH_PATHS = (
					"$(inherited)",
					"@executable_path/Frameworks",
				);
				PRODUCT_BUNDLE_IDENTIFIER = "company.tap.TapQRCodeExample-iOS";
				PRODUCT_NAME = "$(TARGET_NAME)";
				PROVISIONING_PROFILE_SPECIFIER = TapQRCodeExampleAdHoc;
				SWIFT_VERSION = 5.0;
				TARGETED_DEVICE_FAMILY = "1,2";
			};
			name = Release;
		};
		E81A7DC6241E706500836547 /* Debug */ = {
			isa = XCBuildConfiguration;
			buildSettings = {
				ASSETCATALOG_COMPILER_APPICON_NAME = AppIcon;
				CODE_SIGN_STYLE = Automatic;
				DEVELOPMENT_TEAM = G46S76PUH4;
				INFOPLIST_FILE = "TapQRCodeExampleObjc-iOS/Info.plist";
				IPHONEOS_DEPLOYMENT_TARGET = 12.0;
				LD_RUNPATH_SEARCH_PATHS = (
					"$(inherited)",
					"@executable_path/Frameworks",
				);
				PRODUCT_BUNDLE_IDENTIFIER = "company.tap.TapQRCodeExampleObjc-iOS";
				PRODUCT_NAME = "$(TARGET_NAME)";
				TARGETED_DEVICE_FAMILY = "1,2";
			};
			name = Debug;
		};
		E81A7DC7241E706500836547 /* Release */ = {
			isa = XCBuildConfiguration;
			buildSettings = {
				ASSETCATALOG_COMPILER_APPICON_NAME = AppIcon;
				CODE_SIGN_STYLE = Automatic;
				DEVELOPMENT_TEAM = G46S76PUH4;
				INFOPLIST_FILE = "TapQRCodeExampleObjc-iOS/Info.plist";
				IPHONEOS_DEPLOYMENT_TARGET = 12.0;
				LD_RUNPATH_SEARCH_PATHS = (
					"$(inherited)",
					"@executable_path/Frameworks",
				);
				PRODUCT_BUNDLE_IDENTIFIER = "company.tap.TapQRCodeExampleObjc-iOS";
				PRODUCT_NAME = "$(TARGET_NAME)";
				TARGETED_DEVICE_FAMILY = "1,2";
			};
			name = Release;
		};
/* End XCBuildConfiguration section */

/* Begin XCConfigurationList section */
		E81A7D40241E3DA900836547 /* Build configuration list for PBXProject "TapQRCode-iOS" */ = {
			isa = XCConfigurationList;
			buildConfigurations = (
				E81A7D4C241E3DA900836547 /* Debug */,
				E81A7D4D241E3DA900836547 /* Release */,
			);
			defaultConfigurationIsVisible = 0;
			defaultConfigurationName = Release;
		};
		E81A7D4E241E3DA900836547 /* Build configuration list for PBXNativeTarget "TapQRCode-iOS" */ = {
			isa = XCConfigurationList;
			buildConfigurations = (
				E81A7D4F241E3DA900836547 /* Debug */,
				E81A7D50241E3DA900836547 /* Release */,
			);
			defaultConfigurationIsVisible = 0;
			defaultConfigurationName = Release;
		};
		E81A7D9D241E433200836547 /* Build configuration list for PBXNativeTarget "TapQRCodeExample-iOS" */ = {
			isa = XCConfigurationList;
			buildConfigurations = (
				E81A7D9B241E433200836547 /* Debug */,
				E81A7D9C241E433200836547 /* Release */,
			);
			defaultConfigurationIsVisible = 0;
			defaultConfigurationName = Release;
		};
		E81A7DC5241E706500836547 /* Build configuration list for PBXNativeTarget "TapQRCodeExampleObjc-iOS" */ = {
			isa = XCConfigurationList;
			buildConfigurations = (
				E81A7DC6241E706500836547 /* Debug */,
				E81A7DC7241E706500836547 /* Release */,
			);
			defaultConfigurationIsVisible = 0;
			defaultConfigurationName = Release;
		};
/* End XCConfigurationList section */
	};
	rootObject = E81A7D3D241E3DA900836547 /* Project object */;
}
